
Microsoft Visual Studio Solution File, Format Version 12.00
# Visual Studio 14
VisualStudioVersion = 14.0.25123.0
MinimumVisualStudioVersion = 10.0.40219.1
Project("{2150E333-8FDC-42A3-9474-1A3956D46DE8}") = "Basics", "Basics", "{0A8A3E57-77C1-4D4A-A017-C33D77B98283}"
EndProject
Project("{FAE04EC0-301F-11D3-BF4B-00C04F79EFBC}") = "Delegate", "Basics\Delegate\Delegate.csproj", "{02AC00F0-1477-45DF-A3AB-0296CE481F94}"
EndProject
Project("{2150E333-8FDC-42A3-9474-1A3956D46DE8}") = "Basics_Test", "Basics_Test", "{A814E2A6-62C3-44E9-899F-05D43C35695B}"
EndProject
Project("{FAE04EC0-301F-11D3-BF4B-00C04F79EFBC}") = "Delegate_Test", "Test\Delegate_Test\Delegate_Test.csproj", "{D8929C4B-E11D-4952-8D97-E25C37318946}"
EndProject
Project("{FAE04EC0-301F-11D3-BF4B-00C04F79EFBC}") = "Thread", "Basics\Thread\Thread.csproj", "{1AFA7194-ABFE-4503-A94B-7B0DA5847A22}"
EndProject
Project("{FAE04EC0-301F-11D3-BF4B-00C04F79EFBC}") = "DataType", "Basics\DataType\DataType.csproj", "{2E69A433-4D10-4E0F-A0E4-D7786B635AD7}"
EndProject
Project("{2150E333-8FDC-42A3-9474-1A3956D46DE8}") = "algorithm", "algorithm", "{58A60EA8-B877-435C-A080-6DD4DA363449}"
EndProject
Project("{FAE04EC0-301F-11D3-BF4B-00C04F79EFBC}") = "algorithm", "algorithm\algorithm\algorithm.csproj", "{276B772E-F8DD-4432-BF5A-A9ABD691C8FC}"
EndProject
Project("{2150E333-8FDC-42A3-9474-1A3956D46DE8}") = "5.0samples", "5.0samples", "{07A8D0A0-0FA9-4853-87BC-95049F1E8385}"
EndProject
Project("{2150E333-8FDC-42A3-9474-1A3956D46DE8}") = "chapter01程序基础", "chapter01程序基础", "{3274F163-CBE9-4B73-8C08-C1E81AD2DFA6}"
EndProject
Project("{2150E333-8FDC-42A3-9474-1A3956D46DE8}") = "chapter02基本运算符", "chapter02基本运算符", "{761A8A40-E7F6-488C-B7AF-D0E0C54FB035}"
EndProject
Project("{2150E333-8FDC-42A3-9474-1A3956D46DE8}") = "chapter10类的成员", "chapter10类的成员", "{58FEF6FF-1E03-4F22-812A-2149CAA66298}"
EndProject
Project("{2150E333-8FDC-42A3-9474-1A3956D46DE8}") = "chapter03数组", "chapter03数组", "{AD471FE5-AAE0-4702-89A8-CB40310F4EF2}"
EndProject
Project("{2150E333-8FDC-42A3-9474-1A3956D46DE8}") = "chapter04语句", "chapter04语句", "{74500228-4F01-494D-A5FF-08E99A8AA62B}"
EndProject
Project("{2150E333-8FDC-42A3-9474-1A3956D46DE8}") = "chapter05方法", "chapter05方法", "{841D77D9-E9F8-4A95-B4D3-3F31B4D3B9D7}"
EndProject
Project("{2150E333-8FDC-42A3-9474-1A3956D46DE8}") = "chapter06类型转换", "chapter06类型转换", "{B87DF96A-7BCF-46EF-9EF4-A314D3874C39}"
EndProject
Project("{2150E333-8FDC-42A3-9474-1A3956D46DE8}") = "chapter07枚举类型和可空类型", "chapter07枚举类型和可空类型", "{CBF4B130-F2B1-42F7-B995-B071EC092F00}"
EndProject
Project("{2150E333-8FDC-42A3-9474-1A3956D46DE8}") = "chapter08类类型", "chapter08类类型", "{D0A838A4-3236-4206-BDB2-1726F32B8A49}"
EndProject
Project("{2150E333-8FDC-42A3-9474-1A3956D46DE8}") = "chapter09类的继承", "chapter09类的继承", "{4B8EB0A4-9ABB-4225-956B-8F4B0CD11D47}"
EndProject
Project("{2150E333-8FDC-42A3-9474-1A3956D46DE8}") = "chapter12结构", "chapter12结构", "{0980769A-E6A3-47A7-96C0-9388F84CCD71}"
EndProject
Project("{2150E333-8FDC-42A3-9474-1A3956D46DE8}") = "chapter11多态", "chapter11多态", "{6E534BE3-9663-4084-87DE-BC3309C27FBA}"
EndProject
Project("{2150E333-8FDC-42A3-9474-1A3956D46DE8}") = "chapter13命名空间", "chapter13命名空间", "{A8FA7C1D-2172-4BD5-9C5D-DDFA75354D02}"
EndProject
Project("{2150E333-8FDC-42A3-9474-1A3956D46DE8}") = "chapter14接口", "chapter14接口", "{15BA6C66-D38F-4008-B0A5-55FF6873C597}"
EndProject
Project("{2150E333-8FDC-42A3-9474-1A3956D46DE8}") = "chapter15内部类和成员访问", "chapter15内部类和成员访问", "{19B16E07-7625-4AEB-9F24-7AD970B7BE94}"
EndProject
Project("{2150E333-8FDC-42A3-9474-1A3956D46DE8}") = "chapter16预处理指令", "chapter16预处理指令", "{D3671B26-707D-455A-80BC-3EF0372E2B8C}"
EndProject
Project("{2150E333-8FDC-42A3-9474-1A3956D46DE8}") = "chapter17匿名方法和lambda表达式", "chapter17匿名方法和lambda表达式", "{EA875E1A-61F1-4A40-B6CC-5E06DA2C0DE5}"
EndProject
Project("{2150E333-8FDC-42A3-9474-1A3956D46DE8}") = "chapter18泛型", "chapter18泛型", "{7B7E9B73-4012-45CB-8853-E7D47F8D5B66}"
EndProject
Project("{2150E333-8FDC-42A3-9474-1A3956D46DE8}") = "chapter19异常", "chapter19异常", "{FCD89780-9A54-4653-BE32-F4962E98C9D0}"
EndProject
Project("{2150E333-8FDC-42A3-9474-1A3956D46DE8}") = "chapter20特性与反射", "chapter20特性与反射", "{030EFD29-2F1B-4F08-8C2C-80F1163813BD}"
EndProject
Project("{2150E333-8FDC-42A3-9474-1A3956D46DE8}") = "chapter21Csharp语言高级特性", "chapter21Csharp语言高级特性", "{0A316B11-A557-43ED-A8AE-BCCE48DDC212}"
EndProject
Project("{2150E333-8FDC-42A3-9474-1A3956D46DE8}") = "chapter22集合和查询表达式", "chapter22集合和查询表达式", "{46A1562B-FCFB-4AE8-BCA6-44CA5B9E1F39}"
EndProject
Project("{2150E333-8FDC-42A3-9474-1A3956D46DE8}") = "chapter23多线程和并行编程", "chapter23多线程和并行编程", "{0FC553E6-FAB2-431A-A6D5-761D4CD08BA1}"
EndProject
Project("{FAE04EC0-301F-11D3-BF4B-00C04F79EFBC}") = "tip1.1什么是Net Framework", "5.0samples\chapter1程序基础\tip1.1什么是Net Framework\tip1.1什么是Net Framework.csproj", "{BBFED909-F4D1-46CF-9D49-96A9D612C8FA}"
EndProject
Project("{FAE04EC0-301F-11D3-BF4B-00C04F79EFBC}") = "tip1.2 什么是CSharp语言", "5.0samples\chapter1程序基础\tip1.2 什么是CSharp语言\tip1.2 什么是CSharp语言.csproj", "{DF09DC55-4B7E-423D-A039-021FC68C1863}"
EndProject
Project("{FAE04EC0-301F-11D3-BF4B-00C04F79EFBC}") = "Observer", "Basics\Observer\Observer.csproj", "{B84EAC31-28BB-4C81-B2D6-14AE44DDA0EC}"
EndProject
Project("{FAE04EC0-301F-11D3-BF4B-00C04F79EFBC}") = "Test", "Basics\Test\Test.csproj", "{C666D630-746E-4015-B7FC-49E4128D17E8}"
EndProject
Project("{FAE04EC0-301F-11D3-BF4B-00C04F79EFBC}") = "Await", "Basics\Await\Await.csproj", "{42E48816-8DF2-42F7-9F87-CC0A0F1B156D}"
EndProject
Project("{FAE04EC0-301F-11D3-BF4B-00C04F79EFBC}") = "Dynamic", "Basics\Dynamic\Dynamic.csproj", "{F7690928-939F-47C9-91AB-FE4B33CAA290}"
EndProject
Project("{FAE04EC0-301F-11D3-BF4B-00C04F79EFBC}") = "Var", "Basics\VAE\Var.csproj", "{AA27738D-DF9A-484D-954C-A4731FFBC76B}"
EndProject
Project("{FAE04EC0-301F-11D3-BF4B-00C04F79EFBC}") = "CalyDemo", "Basics\CalyDemo\CalyDemo.csproj", "{A5F8A205-410A-4B74-8C79-09ACF41498F1}"
EndProject
Global
	GlobalSection(SolutionConfigurationPlatforms) = preSolution
		Debug|Any CPU = Debug|Any CPU
		Release|Any CPU = Release|Any CPU
	EndGlobalSection
	GlobalSection(ProjectConfigurationPlatforms) = postSolution
		{02AC00F0-1477-45DF-A3AB-0296CE481F94}.Debug|Any CPU.ActiveCfg = Debug|Any CPU
		{02AC00F0-1477-45DF-A3AB-0296CE481F94}.Debug|Any CPU.Build.0 = Debug|Any CPU
		{02AC00F0-1477-45DF-A3AB-0296CE481F94}.Release|Any CPU.ActiveCfg = Release|Any CPU
		{02AC00F0-1477-45DF-A3AB-0296CE481F94}.Release|Any CPU.Build.0 = Release|Any CPU
		{D8929C4B-E11D-4952-8D97-E25C37318946}.Debug|Any CPU.ActiveCfg = Debug|Any CPU
		{D8929C4B-E11D-4952-8D97-E25C37318946}.Debug|Any CPU.Build.0 = Debug|Any CPU
		{D8929C4B-E11D-4952-8D97-E25C37318946}.Release|Any CPU.ActiveCfg = Release|Any CPU
		{D8929C4B-E11D-4952-8D97-E25C37318946}.Release|Any CPU.Build.0 = Release|Any CPU
		{1AFA7194-ABFE-4503-A94B-7B0DA5847A22}.Debug|Any CPU.ActiveCfg = Debug|Any CPU
		{1AFA7194-ABFE-4503-A94B-7B0DA5847A22}.Debug|Any CPU.Build.0 = Debug|Any CPU
		{1AFA7194-ABFE-4503-A94B-7B0DA5847A22}.Release|Any CPU.ActiveCfg = Release|Any CPU
		{1AFA7194-ABFE-4503-A94B-7B0DA5847A22}.Release|Any CPU.Build.0 = Release|Any CPU
		{2E69A433-4D10-4E0F-A0E4-D7786B635AD7}.Debug|Any CPU.ActiveCfg = Debug|Any CPU
		{2E69A433-4D10-4E0F-A0E4-D7786B635AD7}.Debug|Any CPU.Build.0 = Debug|Any CPU
		{2E69A433-4D10-4E0F-A0E4-D7786B635AD7}.Release|Any CPU.ActiveCfg = Release|Any CPU
		{2E69A433-4D10-4E0F-A0E4-D7786B635AD7}.Release|Any CPU.Build.0 = Release|Any CPU
		{276B772E-F8DD-4432-BF5A-A9ABD691C8FC}.Debug|Any CPU.ActiveCfg = Debug|Any CPU
		{276B772E-F8DD-4432-BF5A-A9ABD691C8FC}.Debug|Any CPU.Build.0 = Debug|Any CPU
		{276B772E-F8DD-4432-BF5A-A9ABD691C8FC}.Release|Any CPU.ActiveCfg = Release|Any CPU
		{276B772E-F8DD-4432-BF5A-A9ABD691C8FC}.Release|Any CPU.Build.0 = Release|Any CPU
		{BBFED909-F4D1-46CF-9D49-96A9D612C8FA}.Debug|Any CPU.ActiveCfg = Debug|Any CPU
		{BBFED909-F4D1-46CF-9D49-96A9D612C8FA}.Debug|Any CPU.Build.0 = Debug|Any CPU
		{BBFED909-F4D1-46CF-9D49-96A9D612C8FA}.Release|Any CPU.ActiveCfg = Release|Any CPU
		{BBFED909-F4D1-46CF-9D49-96A9D612C8FA}.Release|Any CPU.Build.0 = Release|Any CPU
		{DF09DC55-4B7E-423D-A039-021FC68C1863}.Debug|Any CPU.ActiveCfg = Debug|Any CPU
		{DF09DC55-4B7E-423D-A039-021FC68C1863}.Debug|Any CPU.Build.0 = Debug|Any CPU
		{DF09DC55-4B7E-423D-A039-021FC68C1863}.Release|Any CPU.ActiveCfg = Release|Any CPU
		{DF09DC55-4B7E-423D-A039-021FC68C1863}.Release|Any CPU.Build.0 = Release|Any CPU
		{B84EAC31-28BB-4C81-B2D6-14AE44DDA0EC}.Debug|Any CPU.ActiveCfg = Debug|Any CPU
		{B84EAC31-28BB-4C81-B2D6-14AE44DDA0EC}.Debug|Any CPU.Build.0 = Debug|Any CPU
		{B84EAC31-28BB-4C81-B2D6-14AE44DDA0EC}.Release|Any CPU.ActiveCfg = Release|Any CPU
		{B84EAC31-28BB-4C81-B2D6-14AE44DDA0EC}.Release|Any CPU.Build.0 = Release|Any CPU
		{C666D630-746E-4015-B7FC-49E4128D17E8}.Debug|Any CPU.ActiveCfg = Debug|Any CPU
		{C666D630-746E-4015-B7FC-49E4128D17E8}.Debug|Any CPU.Build.0 = Debug|Any CPU
		{C666D630-746E-4015-B7FC-49E4128D17E8}.Release|Any CPU.ActiveCfg = Release|Any CPU
		{C666D630-746E-4015-B7FC-49E4128D17E8}.Release|Any CPU.Build.0 = Release|Any CPU
		{42E48816-8DF2-42F7-9F87-CC0A0F1B156D}.Debug|Any CPU.ActiveCfg = Debug|Any CPU
		{42E48816-8DF2-42F7-9F87-CC0A0F1B156D}.Debug|Any CPU.Build.0 = Debug|Any CPU
		{42E48816-8DF2-42F7-9F87-CC0A0F1B156D}.Release|Any CPU.ActiveCfg = Release|Any CPU
		{42E48816-8DF2-42F7-9F87-CC0A0F1B156D}.Release|Any CPU.Build.0 = Release|Any CPU
		{F7690928-939F-47C9-91AB-FE4B33CAA290}.Debug|Any CPU.ActiveCfg = Debug|Any CPU
		{F7690928-939F-47C9-91AB-FE4B33CAA290}.Debug|Any CPU.Build.0 = Debug|Any CPU
		{F7690928-939F-47C9-91AB-FE4B33CAA290}.Release|Any CPU.ActiveCfg = Release|Any CPU
		{F7690928-939F-47C9-91AB-FE4B33CAA290}.Release|Any CPU.Build.0 = Release|Any CPU
		{AA27738D-DF9A-484D-954C-A4731FFBC76B}.Debug|Any CPU.ActiveCfg = Debug|Any CPU
		{AA27738D-DF9A-484D-954C-A4731FFBC76B}.Debug|Any CPU.Build.0 = Debug|Any CPU
		{AA27738D-DF9A-484D-954C-A4731FFBC76B}.Release|Any CPU.ActiveCfg = Release|Any CPU
		{AA27738D-DF9A-484D-954C-A4731FFBC76B}.Release|Any CPU.Build.0 = Release|Any CPU
		{A5F8A205-410A-4B74-8C79-09ACF41498F1}.Debug|Any CPU.ActiveCfg = Debug|Any CPU
		{A5F8A205-410A-4B74-8C79-09ACF41498F1}.Debug|Any CPU.Build.0 = Debug|Any CPU
		{A5F8A205-410A-4B74-8C79-09ACF41498F1}.Release|Any CPU.ActiveCfg = Release|Any CPU
		{A5F8A205-410A-4B74-8C79-09ACF41498F1}.Release|Any CPU.Build.0 = Release|Any CPU
	EndGlobalSection
	GlobalSection(SolutionProperties) = preSolution
		HideSolutionNode = FALSE
	EndGlobalSection
	GlobalSection(NestedProjects) = preSolution
		{02AC00F0-1477-45DF-A3AB-0296CE481F94} = {0A8A3E57-77C1-4D4A-A017-C33D77B98283}
		{D8929C4B-E11D-4952-8D97-E25C37318946} = {A814E2A6-62C3-44E9-899F-05D43C35695B}
		{1AFA7194-ABFE-4503-A94B-7B0DA5847A22} = {0A8A3E57-77C1-4D4A-A017-C33D77B98283}
		{2E69A433-4D10-4E0F-A0E4-D7786B635AD7} = {0A8A3E57-77C1-4D4A-A017-C33D77B98283}
		{276B772E-F8DD-4432-BF5A-A9ABD691C8FC} = {58A60EA8-B877-435C-A080-6DD4DA363449}
		{3274F163-CBE9-4B73-8C08-C1E81AD2DFA6} = {07A8D0A0-0FA9-4853-87BC-95049F1E8385}
		{761A8A40-E7F6-488C-B7AF-D0E0C54FB035} = {07A8D0A0-0FA9-4853-87BC-95049F1E8385}
		{58FEF6FF-1E03-4F22-812A-2149CAA66298} = {07A8D0A0-0FA9-4853-87BC-95049F1E8385}
		{AD471FE5-AAE0-4702-89A8-CB40310F4EF2} = {07A8D0A0-0FA9-4853-87BC-95049F1E8385}
		{74500228-4F01-494D-A5FF-08E99A8AA62B} = {07A8D0A0-0FA9-4853-87BC-95049F1E8385}
		{841D77D9-E9F8-4A95-B4D3-3F31B4D3B9D7} = {07A8D0A0-0FA9-4853-87BC-95049F1E8385}
		{B87DF96A-7BCF-46EF-9EF4-A314D3874C39} = {07A8D0A0-0FA9-4853-87BC-95049F1E8385}
		{CBF4B130-F2B1-42F7-B995-B071EC092F00} = {07A8D0A0-0FA9-4853-87BC-95049F1E8385}
		{D0A838A4-3236-4206-BDB2-1726F32B8A49} = {07A8D0A0-0FA9-4853-87BC-95049F1E8385}
		{4B8EB0A4-9ABB-4225-956B-8F4B0CD11D47} = {07A8D0A0-0FA9-4853-87BC-95049F1E8385}
		{0980769A-E6A3-47A7-96C0-9388F84CCD71} = {07A8D0A0-0FA9-4853-87BC-95049F1E8385}
		{6E534BE3-9663-4084-87DE-BC3309C27FBA} = {07A8D0A0-0FA9-4853-87BC-95049F1E8385}
		{A8FA7C1D-2172-4BD5-9C5D-DDFA75354D02} = {07A8D0A0-0FA9-4853-87BC-95049F1E8385}
		{15BA6C66-D38F-4008-B0A5-55FF6873C597} = {07A8D0A0-0FA9-4853-87BC-95049F1E8385}
		{19B16E07-7625-4AEB-9F24-7AD970B7BE94} = {07A8D0A0-0FA9-4853-87BC-95049F1E8385}
		{D3671B26-707D-455A-80BC-3EF0372E2B8C} = {07A8D0A0-0FA9-4853-87BC-95049F1E8385}
		{EA875E1A-61F1-4A40-B6CC-5E06DA2C0DE5} = {07A8D0A0-0FA9-4853-87BC-95049F1E8385}
		{7B7E9B73-4012-45CB-8853-E7D47F8D5B66} = {07A8D0A0-0FA9-4853-87BC-95049F1E8385}
		{FCD89780-9A54-4653-BE32-F4962E98C9D0} = {07A8D0A0-0FA9-4853-87BC-95049F1E8385}
		{030EFD29-2F1B-4F08-8C2C-80F1163813BD} = {07A8D0A0-0FA9-4853-87BC-95049F1E8385}
		{0A316B11-A557-43ED-A8AE-BCCE48DDC212} = {07A8D0A0-0FA9-4853-87BC-95049F1E8385}
		{46A1562B-FCFB-4AE8-BCA6-44CA5B9E1F39} = {07A8D0A0-0FA9-4853-87BC-95049F1E8385}
		{0FC553E6-FAB2-431A-A6D5-761D4CD08BA1} = {07A8D0A0-0FA9-4853-87BC-95049F1E8385}
		{BBFED909-F4D1-46CF-9D49-96A9D612C8FA} = {3274F163-CBE9-4B73-8C08-C1E81AD2DFA6}
		{DF09DC55-4B7E-423D-A039-021FC68C1863} = {3274F163-CBE9-4B73-8C08-C1E81AD2DFA6}
		{B84EAC31-28BB-4C81-B2D6-14AE44DDA0EC} = {0A8A3E57-77C1-4D4A-A017-C33D77B98283}
		{C666D630-746E-4015-B7FC-49E4128D17E8} = {0A8A3E57-77C1-4D4A-A017-C33D77B98283}
		{42E48816-8DF2-42F7-9F87-CC0A0F1B156D} = {0A8A3E57-77C1-4D4A-A017-C33D77B98283}
		{F7690928-939F-47C9-91AB-FE4B33CAA290} = {0A8A3E57-77C1-4D4A-A017-C33D77B98283}
		{AA27738D-DF9A-484D-954C-A4731FFBC76B} = {0A8A3E57-77C1-4D4A-A017-C33D77B98283}
		{A5F8A205-410A-4B74-8C79-09ACF41498F1} = {0A8A3E57-77C1-4D4A-A017-C33D77B98283}
	EndGlobalSection
EndGlobal
