
Microsoft Visual Studio Solution File, Format Version 12.00
# Visual Studio 2013
VisualStudioVersion = 12.0.40629.0
MinimumVisualStudioVersion = 10.0.40219.1
Project("{2150E333-8FDC-42A3-9474-1A3956D46DE8}") = "Basics", "Basics", "{0A8A3E57-77C1-4D4A-A017-C33D77B98283}"
EndProject
Project("{FAE04EC0-301F-11D3-BF4B-00C04F79EFBC}") = "Delegate", "Basics\Delegate\Delegate.csproj", "{02AC00F0-1477-45DF-A3AB-0296CE481F94}"
EndProject
Project("{2150E333-8FDC-42A3-9474-1A3956D46DE8}") = "Basics_Test", "Basics_Test", "{A814E2A6-62C3-44E9-899F-05D43C35695B}"
EndProject
Project("{FAE04EC0-301F-11D3-BF4B-00C04F79EFBC}") = "Delegate_Test", "Test\Delegate_Test\Delegate_Test.csproj", "{D8929C4B-E11D-4952-8D97-E25C37318946}"
EndProject
Global
	GlobalSection(SolutionConfigurationPlatforms) = preSolution
		Debug|Any CPU = Debug|Any CPU
		Release|Any CPU = Release|Any CPU
	EndGlobalSection
	GlobalSection(ProjectConfigurationPlatforms) = postSolution
		{02AC00F0-1477-45DF-A3AB-0296CE481F94}.Debug|Any CPU.ActiveCfg = Debug|Any CPU
		{02AC00F0-1477-45DF-A3AB-0296CE481F94}.Debug|Any CPU.Build.0 = Debug|Any CPU
		{02AC00F0-1477-45DF-A3AB-0296CE481F94}.Release|Any CPU.ActiveCfg = Release|Any CPU
		{02AC00F0-1477-45DF-A3AB-0296CE481F94}.Release|Any CPU.Build.0 = Release|Any CPU
		{D8929C4B-E11D-4952-8D97-E25C37318946}.Debug|Any CPU.ActiveCfg = Debug|Any CPU
		{D8929C4B-E11D-4952-8D97-E25C37318946}.Debug|Any CPU.Build.0 = Debug|Any CPU
		{D8929C4B-E11D-4952-8D97-E25C37318946}.Release|Any CPU.ActiveCfg = Release|Any CPU
		{D8929C4B-E11D-4952-8D97-E25C37318946}.Release|Any CPU.Build.0 = Release|Any CPU
	EndGlobalSection
	GlobalSection(SolutionProperties) = preSolution
		HideSolutionNode = FALSE
	EndGlobalSection
	GlobalSection(NestedProjects) = preSolution
		{02AC00F0-1477-45DF-A3AB-0296CE481F94} = {0A8A3E57-77C1-4D4A-A017-C33D77B98283}
		{D8929C4B-E11D-4952-8D97-E25C37318946} = {A814E2A6-62C3-44E9-899F-05D43C35695B}
	EndGlobalSection
EndGlobal
